
Microsoft Visual Studio Solution File, Format Version 12.00
# Visual Studio 15
VisualStudioVersion = 15.0.28307.136
MinimumVisualStudioVersion = 10.0.40219.1
Project("{FAE04EC0-301F-11D3-BF4B-00C04F79EFBC}") = "Sales.Android", "Sales\Sales.Android\Sales.Android.csproj", "{2C524349-39B1-4C67-A676-77317B9D3CA1}"
EndProject
Project("{FAE04EC0-301F-11D3-BF4B-00C04F79EFBC}") = "Sales.iOS", "Sales\Sales.iOS\Sales.iOS.csproj", "{103BB548-68CA-495C-AA3E-259A3F4E9746}"
EndProject
Project("{FAE04EC0-301F-11D3-BF4B-00C04F79EFBC}") = "Sales.UWP", "Sales\Sales.UWP\Sales.UWP.csproj", "{6DE27AD9-DBD5-4F8F-8AB2-034A52E1D243}"
EndProject
Project("{FAE04EC0-301F-11D3-BF4B-00C04F79EFBC}") = "Sales", "Sales\Sales\Sales.csproj", "{416A0002-CA47-4752-96BA-B5754306A446}"
EndProject
Project("{FAE04EC0-301F-11D3-BF4B-00C04F79EFBC}") = "Sales.Backend", "Sales.Backend\Sales.Backend.csproj", "{20985F25-6649-419C-9961-6506F199CDA1}"
EndProject
Project("{FAE04EC0-301F-11D3-BF4B-00C04F79EFBC}") = "Sales.API", "Sales.API\Sales.API.csproj", "{83E1FA40-649F-4659-A913-6A6D5FF13927}"
EndProject
Project("{FAE04EC0-301F-11D3-BF4B-00C04F79EFBC}") = "Sales.Domain", "Sales.Domain\Sales.Domain.csproj", "{22CDFE6C-16C5-495C-B014-E8E5E36C67CA}"
EndProject
Project("{FAE04EC0-301F-11D3-BF4B-00C04F79EFBC}") = "Sales.Common", "Sales.Common\Sales.Common.csproj", "{2714F6ED-0634-459C-8842-BA56218B0617}"
EndProject
Global
	GlobalSection(SolutionConfigurationPlatforms) = preSolution
		Ad-Hoc|Any CPU = Ad-Hoc|Any CPU
		Ad-Hoc|ARM = Ad-Hoc|ARM
		Ad-Hoc|iPhone = Ad-Hoc|iPhone
		Ad-Hoc|iPhoneSimulator = Ad-Hoc|iPhoneSimulator
		Ad-Hoc|x64 = Ad-Hoc|x64
		Ad-Hoc|x86 = Ad-Hoc|x86
		AppStore|Any CPU = AppStore|Any CPU
		AppStore|ARM = AppStore|ARM
		AppStore|iPhone = AppStore|iPhone
		AppStore|iPhoneSimulator = AppStore|iPhoneSimulator
		AppStore|x64 = AppStore|x64
		AppStore|x86 = AppStore|x86
		Debug|Any CPU = Debug|Any CPU
		Debug|ARM = Debug|ARM
		Debug|iPhone = Debug|iPhone
		Debug|iPhoneSimulator = Debug|iPhoneSimulator
		Debug|x64 = Debug|x64
		Debug|x86 = Debug|x86
		Release|Any CPU = Release|Any CPU
		Release|ARM = Release|ARM
		Release|iPhone = Release|iPhone
		Release|iPhoneSimulator = Release|iPhoneSimulator
		Release|x64 = Release|x64
		Release|x86 = Release|x86
	EndGlobalSection
	GlobalSection(ProjectConfigurationPlatforms) = postSolution
		{2C524349-39B1-4C67-A676-77317B9D3CA1}.Ad-Hoc|Any CPU.ActiveCfg = Release|Any CPU
		{2C524349-39B1-4C67-A676-77317B9D3CA1}.Ad-Hoc|Any CPU.Build.0 = Release|Any CPU
		{2C524349-39B1-4C67-A676-77317B9D3CA1}.Ad-Hoc|Any CPU.Deploy.0 = Release|Any CPU
		{2C524349-39B1-4C67-A676-77317B9D3CA1}.Ad-Hoc|ARM.ActiveCfg = Release|Any CPU
		{2C524349-39B1-4C67-A676-77317B9D3CA1}.Ad-Hoc|ARM.Build.0 = Release|Any CPU
		{2C524349-39B1-4C67-A676-77317B9D3CA1}.Ad-Hoc|ARM.Deploy.0 = Release|Any CPU
		{2C524349-39B1-4C67-A676-77317B9D3CA1}.Ad-Hoc|iPhone.ActiveCfg = Release|Any CPU
		{2C524349-39B1-4C67-A676-77317B9D3CA1}.Ad-Hoc|iPhone.Build.0 = Release|Any CPU
		{2C524349-39B1-4C67-A676-77317B9D3CA1}.Ad-Hoc|iPhone.Deploy.0 = Release|Any CPU
		{2C524349-39B1-4C67-A676-77317B9D3CA1}.Ad-Hoc|iPhoneSimulator.ActiveCfg = Release|Any CPU
		{2C524349-39B1-4C67-A676-77317B9D3CA1}.Ad-Hoc|iPhoneSimulator.Build.0 = Release|Any CPU
		{2C524349-39B1-4C67-A676-77317B9D3CA1}.Ad-Hoc|iPhoneSimulator.Deploy.0 = Release|Any CPU
		{2C524349-39B1-4C67-A676-77317B9D3CA1}.Ad-Hoc|x64.ActiveCfg = Release|Any CPU
		{2C524349-39B1-4C67-A676-77317B9D3CA1}.Ad-Hoc|x64.Build.0 = Release|Any CPU
		{2C524349-39B1-4C67-A676-77317B9D3CA1}.Ad-Hoc|x64.Deploy.0 = Release|Any CPU
		{2C524349-39B1-4C67-A676-77317B9D3CA1}.Ad-Hoc|x86.ActiveCfg = Release|Any CPU
		{2C524349-39B1-4C67-A676-77317B9D3CA1}.Ad-Hoc|x86.Build.0 = Release|Any CPU
		{2C524349-39B1-4C67-A676-77317B9D3CA1}.Ad-Hoc|x86.Deploy.0 = Release|Any CPU
		{2C524349-39B1-4C67-A676-77317B9D3CA1}.AppStore|Any CPU.ActiveCfg = Release|Any CPU
		{2C524349-39B1-4C67-A676-77317B9D3CA1}.AppStore|Any CPU.Build.0 = Release|Any CPU
		{2C524349-39B1-4C67-A676-77317B9D3CA1}.AppStore|Any CPU.Deploy.0 = Release|Any CPU
		{2C524349-39B1-4C67-A676-77317B9D3CA1}.AppStore|ARM.ActiveCfg = Release|Any CPU
		{2C524349-39B1-4C67-A676-77317B9D3CA1}.AppStore|ARM.Build.0 = Release|Any CPU
		{2C524349-39B1-4C67-A676-77317B9D3CA1}.AppStore|ARM.Deploy.0 = Release|Any CPU
		{2C524349-39B1-4C67-A676-77317B9D3CA1}.AppStore|iPhone.ActiveCfg = Release|Any CPU
		{2C524349-39B1-4C67-A676-77317B9D3CA1}.AppStore|iPhone.Build.0 = Release|Any CPU
		{2C524349-39B1-4C67-A676-77317B9D3CA1}.AppStore|iPhone.Deploy.0 = Release|Any CPU
		{2C524349-39B1-4C67-A676-77317B9D3CA1}.AppStore|iPhoneSimulator.ActiveCfg = Release|Any CPU
		{2C524349-39B1-4C67-A676-77317B9D3CA1}.AppStore|iPhoneSimulator.Build.0 = Release|Any CPU
		{2C524349-39B1-4C67-A676-77317B9D3CA1}.AppStore|iPhoneSimulator.Deploy.0 = Release|Any CPU
		{2C524349-39B1-4C67-A676-77317B9D3CA1}.AppStore|x64.ActiveCfg = Release|Any CPU
		{2C524349-39B1-4C67-A676-77317B9D3CA1}.AppStore|x64.Build.0 = Release|Any CPU
		{2C524349-39B1-4C67-A676-77317B9D3CA1}.AppStore|x64.Deploy.0 = Release|Any CPU
		{2C524349-39B1-4C67-A676-77317B9D3CA1}.AppStore|x86.ActiveCfg = Release|Any CPU
		{2C524349-39B1-4C67-A676-77317B9D3CA1}.AppStore|x86.Build.0 = Release|Any CPU
		{2C524349-39B1-4C67-A676-77317B9D3CA1}.AppStore|x86.Deploy.0 = Release|Any CPU
		{2C524349-39B1-4C67-A676-77317B9D3CA1}.Debug|Any CPU.ActiveCfg = Debug|Any CPU
		{2C524349-39B1-4C67-A676-77317B9D3CA1}.Debug|Any CPU.Build.0 = Debug|Any CPU
		{2C524349-39B1-4C67-A676-77317B9D3CA1}.Debug|Any CPU.Deploy.0 = Debug|Any CPU
		{2C524349-39B1-4C67-A676-77317B9D3CA1}.Debug|ARM.ActiveCfg = Debug|Any CPU
		{2C524349-39B1-4C67-A676-77317B9D3CA1}.Debug|ARM.Build.0 = Debug|Any CPU
		{2C524349-39B1-4C67-A676-77317B9D3CA1}.Debug|ARM.Deploy.0 = Debug|Any CPU
		{2C524349-39B1-4C67-A676-77317B9D3CA1}.Debug|iPhone.ActiveCfg = Debug|Any CPU
		{2C524349-39B1-4C67-A676-77317B9D3CA1}.Debug|iPhone.Build.0 = Debug|Any CPU
		{2C524349-39B1-4C67-A676-77317B9D3CA1}.Debug|iPhone.Deploy.0 = Debug|Any CPU
		{2C524349-39B1-4C67-A676-77317B9D3CA1}.Debug|iPhoneSimulator.ActiveCfg = Debug|Any CPU
		{2C524349-39B1-4C67-A676-77317B9D3CA1}.Debug|iPhoneSimulator.Build.0 = Debug|Any CPU
		{2C524349-39B1-4C67-A676-77317B9D3CA1}.Debug|iPhoneSimulator.Deploy.0 = Debug|Any CPU
		{2C524349-39B1-4C67-A676-77317B9D3CA1}.Debug|x64.ActiveCfg = Debug|Any CPU
		{2C524349-39B1-4C67-A676-77317B9D3CA1}.Debug|x64.Build.0 = Debug|Any CPU
		{2C524349-39B1-4C67-A676-77317B9D3CA1}.Debug|x64.Deploy.0 = Debug|Any CPU
		{2C524349-39B1-4C67-A676-77317B9D3CA1}.Debug|x86.ActiveCfg = Debug|Any CPU
		{2C524349-39B1-4C67-A676-77317B9D3CA1}.Debug|x86.Build.0 = Debug|Any CPU
		{2C524349-39B1-4C67-A676-77317B9D3CA1}.Debug|x86.Deploy.0 = Debug|Any CPU
		{2C524349-39B1-4C67-A676-77317B9D3CA1}.Release|Any CPU.ActiveCfg = Release|Any CPU
		{2C524349-39B1-4C67-A676-77317B9D3CA1}.Release|Any CPU.Build.0 = Release|Any CPU
		{2C524349-39B1-4C67-A676-77317B9D3CA1}.Release|Any CPU.Deploy.0 = Release|Any CPU
		{2C524349-39B1-4C67-A676-77317B9D3CA1}.Release|ARM.ActiveCfg = Release|Any CPU
		{2C524349-39B1-4C67-A676-77317B9D3CA1}.Release|ARM.Build.0 = Release|Any CPU
		{2C524349-39B1-4C67-A676-77317B9D3CA1}.Release|ARM.Deploy.0 = Release|Any CPU
		{2C524349-39B1-4C67-A676-77317B9D3CA1}.Release|iPhone.ActiveCfg = Release|Any CPU
		{2C524349-39B1-4C67-A676-77317B9D3CA1}.Release|iPhone.Build.0 = Release|Any CPU
		{2C524349-39B1-4C67-A676-77317B9D3CA1}.Release|iPhone.Deploy.0 = Release|Any CPU
		{2C524349-39B1-4C67-A676-77317B9D3CA1}.Release|iPhoneSimulator.ActiveCfg = Release|Any CPU
		{2C524349-39B1-4C67-A676-77317B9D3CA1}.Release|iPhoneSimulator.Build.0 = Release|Any CPU
		{2C524349-39B1-4C67-A676-77317B9D3CA1}.Release|iPhoneSimulator.Deploy.0 = Release|Any CPU
		{2C524349-39B1-4C67-A676-77317B9D3CA1}.Release|x64.ActiveCfg = Release|Any CPU
		{2C524349-39B1-4C67-A676-77317B9D3CA1}.Release|x64.Build.0 = Release|Any CPU
		{2C524349-39B1-4C67-A676-77317B9D3CA1}.Release|x64.Deploy.0 = Release|Any CPU
		{2C524349-39B1-4C67-A676-77317B9D3CA1}.Release|x86.ActiveCfg = Release|Any CPU
		{2C524349-39B1-4C67-A676-77317B9D3CA1}.Release|x86.Build.0 = Release|Any CPU
		{2C524349-39B1-4C67-A676-77317B9D3CA1}.Release|x86.Deploy.0 = Release|Any CPU
		{103BB548-68CA-495C-AA3E-259A3F4E9746}.Ad-Hoc|Any CPU.ActiveCfg = Ad-Hoc|iPhone
		{103BB548-68CA-495C-AA3E-259A3F4E9746}.Ad-Hoc|Any CPU.Build.0 = Ad-Hoc|iPhone
		{103BB548-68CA-495C-AA3E-259A3F4E9746}.Ad-Hoc|Any CPU.Deploy.0 = Ad-Hoc|iPhone
		{103BB548-68CA-495C-AA3E-259A3F4E9746}.Ad-Hoc|ARM.ActiveCfg = Ad-Hoc|iPhone
		{103BB548-68CA-495C-AA3E-259A3F4E9746}.Ad-Hoc|ARM.Build.0 = Ad-Hoc|iPhone
		{103BB548-68CA-495C-AA3E-259A3F4E9746}.Ad-Hoc|ARM.Deploy.0 = Ad-Hoc|iPhone
		{103BB548-68CA-495C-AA3E-259A3F4E9746}.Ad-Hoc|iPhone.ActiveCfg = Ad-Hoc|iPhone
		{103BB548-68CA-495C-AA3E-259A3F4E9746}.Ad-Hoc|iPhone.Build.0 = Ad-Hoc|iPhone
		{103BB548-68CA-495C-AA3E-259A3F4E9746}.Ad-Hoc|iPhone.Deploy.0 = Ad-Hoc|iPhone
		{103BB548-68CA-495C-AA3E-259A3F4E9746}.Ad-Hoc|iPhoneSimulator.ActiveCfg = Ad-Hoc|iPhoneSimulator
		{103BB548-68CA-495C-AA3E-259A3F4E9746}.Ad-Hoc|iPhoneSimulator.Build.0 = Ad-Hoc|iPhoneSimulator
		{103BB548-68CA-495C-AA3E-259A3F4E9746}.Ad-Hoc|iPhoneSimulator.Deploy.0 = Ad-Hoc|iPhoneSimulator
		{103BB548-68CA-495C-AA3E-259A3F4E9746}.Ad-Hoc|x64.ActiveCfg = Ad-Hoc|iPhone
		{103BB548-68CA-495C-AA3E-259A3F4E9746}.Ad-Hoc|x64.Build.0 = Ad-Hoc|iPhone
		{103BB548-68CA-495C-AA3E-259A3F4E9746}.Ad-Hoc|x64.Deploy.0 = Ad-Hoc|iPhone
		{103BB548-68CA-495C-AA3E-259A3F4E9746}.Ad-Hoc|x86.ActiveCfg = Ad-Hoc|iPhone
		{103BB548-68CA-495C-AA3E-259A3F4E9746}.Ad-Hoc|x86.Build.0 = Ad-Hoc|iPhone
		{103BB548-68CA-495C-AA3E-259A3F4E9746}.Ad-Hoc|x86.Deploy.0 = Ad-Hoc|iPhone
		{103BB548-68CA-495C-AA3E-259A3F4E9746}.AppStore|Any CPU.ActiveCfg = AppStore|iPhone
		{103BB548-68CA-495C-AA3E-259A3F4E9746}.AppStore|Any CPU.Build.0 = AppStore|iPhone
		{103BB548-68CA-495C-AA3E-259A3F4E9746}.AppStore|Any CPU.Deploy.0 = AppStore|iPhone
		{103BB548-68CA-495C-AA3E-259A3F4E9746}.AppStore|ARM.ActiveCfg = AppStore|iPhone
		{103BB548-68CA-495C-AA3E-259A3F4E9746}.AppStore|ARM.Build.0 = AppStore|iPhone
		{103BB548-68CA-495C-AA3E-259A3F4E9746}.AppStore|ARM.Deploy.0 = AppStore|iPhone
		{103BB548-68CA-495C-AA3E-259A3F4E9746}.AppStore|iPhone.ActiveCfg = AppStore|iPhone
		{103BB548-68CA-495C-AA3E-259A3F4E9746}.AppStore|iPhone.Build.0 = AppStore|iPhone
		{103BB548-68CA-495C-AA3E-259A3F4E9746}.AppStore|iPhone.Deploy.0 = AppStore|iPhone
		{103BB548-68CA-495C-AA3E-259A3F4E9746}.AppStore|iPhoneSimulator.ActiveCfg = AppStore|iPhoneSimulator
		{103BB548-68CA-495C-AA3E-259A3F4E9746}.AppStore|iPhoneSimulator.Build.0 = AppStore|iPhoneSimulator
		{103BB548-68CA-495C-AA3E-259A3F4E9746}.AppStore|iPhoneSimulator.Deploy.0 = AppStore|iPhoneSimulator
		{103BB548-68CA-495C-AA3E-259A3F4E9746}.AppStore|x64.ActiveCfg = AppStore|iPhone
		{103BB548-68CA-495C-AA3E-259A3F4E9746}.AppStore|x64.Build.0 = AppStore|iPhone
		{103BB548-68CA-495C-AA3E-259A3F4E9746}.AppStore|x64.Deploy.0 = AppStore|iPhone
		{103BB548-68CA-495C-AA3E-259A3F4E9746}.AppStore|x86.ActiveCfg = AppStore|iPhone
		{103BB548-68CA-495C-AA3E-259A3F4E9746}.AppStore|x86.Build.0 = AppStore|iPhone
		{103BB548-68CA-495C-AA3E-259A3F4E9746}.AppStore|x86.Deploy.0 = AppStore|iPhone
		{103BB548-68CA-495C-AA3E-259A3F4E9746}.Debug|Any CPU.ActiveCfg = Debug|iPhoneSimulator
		{103BB548-68CA-495C-AA3E-259A3F4E9746}.Debug|Any CPU.Build.0 = Debug|iPhoneSimulator
		{103BB548-68CA-495C-AA3E-259A3F4E9746}.Debug|Any CPU.Deploy.0 = Debug|iPhoneSimulator
		{103BB548-68CA-495C-AA3E-259A3F4E9746}.Debug|ARM.ActiveCfg = Debug|iPhone
		{103BB548-68CA-495C-AA3E-259A3F4E9746}.Debug|ARM.Build.0 = Debug|iPhone
		{103BB548-68CA-495C-AA3E-259A3F4E9746}.Debug|ARM.Deploy.0 = Debug|iPhone
		{103BB548-68CA-495C-AA3E-259A3F4E9746}.Debug|iPhone.ActiveCfg = Debug|iPhone
		{103BB548-68CA-495C-AA3E-259A3F4E9746}.Debug|iPhone.Build.0 = Debug|iPhone
		{103BB548-68CA-495C-AA3E-259A3F4E9746}.Debug|iPhone.Deploy.0 = Debug|iPhone
		{103BB548-68CA-495C-AA3E-259A3F4E9746}.Debug|iPhoneSimulator.ActiveCfg = Debug|iPhoneSimulator
		{103BB548-68CA-495C-AA3E-259A3F4E9746}.Debug|iPhoneSimulator.Build.0 = Debug|iPhoneSimulator
		{103BB548-68CA-495C-AA3E-259A3F4E9746}.Debug|iPhoneSimulator.Deploy.0 = Debug|iPhoneSimulator
		{103BB548-68CA-495C-AA3E-259A3F4E9746}.Debug|x64.ActiveCfg = Debug|iPhone
		{103BB548-68CA-495C-AA3E-259A3F4E9746}.Debug|x64.Build.0 = Debug|iPhone
		{103BB548-68CA-495C-AA3E-259A3F4E9746}.Debug|x64.Deploy.0 = Debug|iPhone
		{103BB548-68CA-495C-AA3E-259A3F4E9746}.Debug|x86.ActiveCfg = Debug|iPhone
		{103BB548-68CA-495C-AA3E-259A3F4E9746}.Debug|x86.Build.0 = Debug|iPhone
		{103BB548-68CA-495C-AA3E-259A3F4E9746}.Debug|x86.Deploy.0 = Debug|iPhone
		{103BB548-68CA-495C-AA3E-259A3F4E9746}.Release|Any CPU.ActiveCfg = Release|iPhone
		{103BB548-68CA-495C-AA3E-259A3F4E9746}.Release|Any CPU.Build.0 = Release|iPhone
		{103BB548-68CA-495C-AA3E-259A3F4E9746}.Release|Any CPU.Deploy.0 = Release|iPhone
		{103BB548-68CA-495C-AA3E-259A3F4E9746}.Release|ARM.ActiveCfg = Release|iPhone
		{103BB548-68CA-495C-AA3E-259A3F4E9746}.Release|ARM.Build.0 = Release|iPhone
		{103BB548-68CA-495C-AA3E-259A3F4E9746}.Release|ARM.Deploy.0 = Release|iPhone
		{103BB548-68CA-495C-AA3E-259A3F4E9746}.Release|iPhone.ActiveCfg = Release|iPhone
		{103BB548-68CA-495C-AA3E-259A3F4E9746}.Release|iPhone.Build.0 = Release|iPhone
		{103BB548-68CA-495C-AA3E-259A3F4E9746}.Release|iPhone.Deploy.0 = Release|iPhone
		{103BB548-68CA-495C-AA3E-259A3F4E9746}.Release|iPhoneSimulator.ActiveCfg = Release|iPhoneSimulator
		{103BB548-68CA-495C-AA3E-259A3F4E9746}.Release|iPhoneSimulator.Build.0 = Release|iPhoneSimulator
		{103BB548-68CA-495C-AA3E-259A3F4E9746}.Release|iPhoneSimulator.Deploy.0 = Release|iPhoneSimulator
		{103BB548-68CA-495C-AA3E-259A3F4E9746}.Release|x64.ActiveCfg = Release|iPhone
		{103BB548-68CA-495C-AA3E-259A3F4E9746}.Release|x64.Build.0 = Release|iPhone
		{103BB548-68CA-495C-AA3E-259A3F4E9746}.Release|x64.Deploy.0 = Release|iPhone
		{103BB548-68CA-495C-AA3E-259A3F4E9746}.Release|x86.ActiveCfg = Release|iPhone
		{103BB548-68CA-495C-AA3E-259A3F4E9746}.Release|x86.Build.0 = Release|iPhone
		{103BB548-68CA-495C-AA3E-259A3F4E9746}.Release|x86.Deploy.0 = Release|iPhone
		{6DE27AD9-DBD5-4F8F-8AB2-034A52E1D243}.Ad-Hoc|Any CPU.ActiveCfg = Release|x86
		{6DE27AD9-DBD5-4F8F-8AB2-034A52E1D243}.Ad-Hoc|Any CPU.Build.0 = Release|x86
		{6DE27AD9-DBD5-4F8F-8AB2-034A52E1D243}.Ad-Hoc|Any CPU.Deploy.0 = Release|x86
		{6DE27AD9-DBD5-4F8F-8AB2-034A52E1D243}.Ad-Hoc|ARM.ActiveCfg = Release|ARM
		{6DE27AD9-DBD5-4F8F-8AB2-034A52E1D243}.Ad-Hoc|ARM.Build.0 = Release|ARM
		{6DE27AD9-DBD5-4F8F-8AB2-034A52E1D243}.Ad-Hoc|ARM.Deploy.0 = Release|ARM
		{6DE27AD9-DBD5-4F8F-8AB2-034A52E1D243}.Ad-Hoc|iPhone.ActiveCfg = Release|x86
		{6DE27AD9-DBD5-4F8F-8AB2-034A52E1D243}.Ad-Hoc|iPhone.Build.0 = Release|x86
		{6DE27AD9-DBD5-4F8F-8AB2-034A52E1D243}.Ad-Hoc|iPhone.Deploy.0 = Release|x86
		{6DE27AD9-DBD5-4F8F-8AB2-034A52E1D243}.Ad-Hoc|iPhoneSimulator.ActiveCfg = Release|x86
		{6DE27AD9-DBD5-4F8F-8AB2-034A52E1D243}.Ad-Hoc|iPhoneSimulator.Build.0 = Release|x86
		{6DE27AD9-DBD5-4F8F-8AB2-034A52E1D243}.Ad-Hoc|iPhoneSimulator.Deploy.0 = Release|x86
		{6DE27AD9-DBD5-4F8F-8AB2-034A52E1D243}.Ad-Hoc|x64.ActiveCfg = Release|x64
		{6DE27AD9-DBD5-4F8F-8AB2-034A52E1D243}.Ad-Hoc|x64.Build.0 = Release|x64
		{6DE27AD9-DBD5-4F8F-8AB2-034A52E1D243}.Ad-Hoc|x64.Deploy.0 = Release|x64
		{6DE27AD9-DBD5-4F8F-8AB2-034A52E1D243}.Ad-Hoc|x86.ActiveCfg = Release|x86
		{6DE27AD9-DBD5-4F8F-8AB2-034A52E1D243}.Ad-Hoc|x86.Build.0 = Release|x86
		{6DE27AD9-DBD5-4F8F-8AB2-034A52E1D243}.Ad-Hoc|x86.Deploy.0 = Release|x86
		{6DE27AD9-DBD5-4F8F-8AB2-034A52E1D243}.AppStore|Any CPU.ActiveCfg = Release|x86
		{6DE27AD9-DBD5-4F8F-8AB2-034A52E1D243}.AppStore|Any CPU.Build.0 = Release|x86
		{6DE27AD9-DBD5-4F8F-8AB2-034A52E1D243}.AppStore|Any CPU.Deploy.0 = Release|x86
		{6DE27AD9-DBD5-4F8F-8AB2-034A52E1D243}.AppStore|ARM.ActiveCfg = Release|ARM
		{6DE27AD9-DBD5-4F8F-8AB2-034A52E1D243}.AppStore|ARM.Build.0 = Release|ARM
		{6DE27AD9-DBD5-4F8F-8AB2-034A52E1D243}.AppStore|ARM.Deploy.0 = Release|ARM
		{6DE27AD9-DBD5-4F8F-8AB2-034A52E1D243}.AppStore|iPhone.ActiveCfg = Release|x86
		{6DE27AD9-DBD5-4F8F-8AB2-034A52E1D243}.AppStore|iPhone.Build.0 = Release|x86
		{6DE27AD9-DBD5-4F8F-8AB2-034A52E1D243}.AppStore|iPhone.Deploy.0 = Release|x86
		{6DE27AD9-DBD5-4F8F-8AB2-034A52E1D243}.AppStore|iPhoneSimulator.ActiveCfg = Release|x86
		{6DE27AD9-DBD5-4F8F-8AB2-034A52E1D243}.AppStore|iPhoneSimulator.Build.0 = Release|x86
		{6DE27AD9-DBD5-4F8F-8AB2-034A52E1D243}.AppStore|iPhoneSimulator.Deploy.0 = Release|x86
		{6DE27AD9-DBD5-4F8F-8AB2-034A52E1D243}.AppStore|x64.ActiveCfg = Release|x64
		{6DE27AD9-DBD5-4F8F-8AB2-034A52E1D243}.AppStore|x64.Build.0 = Release|x64
		{6DE27AD9-DBD5-4F8F-8AB2-034A52E1D243}.AppStore|x64.Deploy.0 = Release|x64
		{6DE27AD9-DBD5-4F8F-8AB2-034A52E1D243}.AppStore|x86.ActiveCfg = Release|x86
		{6DE27AD9-DBD5-4F8F-8AB2-034A52E1D243}.AppStore|x86.Build.0 = Release|x86
		{6DE27AD9-DBD5-4F8F-8AB2-034A52E1D243}.AppStore|x86.Deploy.0 = Release|x86
		{6DE27AD9-DBD5-4F8F-8AB2-034A52E1D243}.Debug|Any CPU.ActiveCfg = Debug|x86
		{6DE27AD9-DBD5-4F8F-8AB2-034A52E1D243}.Debug|Any CPU.Build.0 = Debug|x86
		{6DE27AD9-DBD5-4F8F-8AB2-034A52E1D243}.Debug|Any CPU.Deploy.0 = Debug|x86
		{6DE27AD9-DBD5-4F8F-8AB2-034A52E1D243}.Debug|ARM.ActiveCfg = Debug|ARM
		{6DE27AD9-DBD5-4F8F-8AB2-034A52E1D243}.Debug|ARM.Build.0 = Debug|ARM
		{6DE27AD9-DBD5-4F8F-8AB2-034A52E1D243}.Debug|ARM.Deploy.0 = Debug|ARM
		{6DE27AD9-DBD5-4F8F-8AB2-034A52E1D243}.Debug|iPhone.ActiveCfg = Debug|x86
		{6DE27AD9-DBD5-4F8F-8AB2-034A52E1D243}.Debug|iPhone.Build.0 = Debug|x86
		{6DE27AD9-DBD5-4F8F-8AB2-034A52E1D243}.Debug|iPhone.Deploy.0 = Debug|x86
		{6DE27AD9-DBD5-4F8F-8AB2-034A52E1D243}.Debug|iPhoneSimulator.ActiveCfg = Debug|x86
		{6DE27AD9-DBD5-4F8F-8AB2-034A52E1D243}.Debug|iPhoneSimulator.Build.0 = Debug|x86
		{6DE27AD9-DBD5-4F8F-8AB2-034A52E1D243}.Debug|iPhoneSimulator.Deploy.0 = Debug|x86
		{6DE27AD9-DBD5-4F8F-8AB2-034A52E1D243}.Debug|x64.ActiveCfg = Debug|x64
		{6DE27AD9-DBD5-4F8F-8AB2-034A52E1D243}.Debug|x64.Build.0 = Debug|x64
		{6DE27AD9-DBD5-4F8F-8AB2-034A52E1D243}.Debug|x64.Deploy.0 = Debug|x64
		{6DE27AD9-DBD5-4F8F-8AB2-034A52E1D243}.Debug|x86.ActiveCfg = Debug|x86
		{6DE27AD9-DBD5-4F8F-8AB2-034A52E1D243}.Debug|x86.Build.0 = Debug|x86
		{6DE27AD9-DBD5-4F8F-8AB2-034A52E1D243}.Debug|x86.Deploy.0 = Debug|x86
		{6DE27AD9-DBD5-4F8F-8AB2-034A52E1D243}.Release|Any CPU.ActiveCfg = Release|x86
		{6DE27AD9-DBD5-4F8F-8AB2-034A52E1D243}.Release|Any CPU.Build.0 = Release|x86
		{6DE27AD9-DBD5-4F8F-8AB2-034A52E1D243}.Release|Any CPU.Deploy.0 = Release|x86
		{6DE27AD9-DBD5-4F8F-8AB2-034A52E1D243}.Release|ARM.ActiveCfg = Release|ARM
		{6DE27AD9-DBD5-4F8F-8AB2-034A52E1D243}.Release|ARM.Build.0 = Release|ARM
		{6DE27AD9-DBD5-4F8F-8AB2-034A52E1D243}.Release|ARM.Deploy.0 = Release|ARM
		{6DE27AD9-DBD5-4F8F-8AB2-034A52E1D243}.Release|iPhone.ActiveCfg = Release|x86
		{6DE27AD9-DBD5-4F8F-8AB2-034A52E1D243}.Release|iPhone.Build.0 = Release|x86
		{6DE27AD9-DBD5-4F8F-8AB2-034A52E1D243}.Release|iPhone.Deploy.0 = Release|x86
		{6DE27AD9-DBD5-4F8F-8AB2-034A52E1D243}.Release|iPhoneSimulator.ActiveCfg = Release|x86
		{6DE27AD9-DBD5-4F8F-8AB2-034A52E1D243}.Release|iPhoneSimulator.Build.0 = Release|x86
		{6DE27AD9-DBD5-4F8F-8AB2-034A52E1D243}.Release|iPhoneSimulator.Deploy.0 = Release|x86
		{6DE27AD9-DBD5-4F8F-8AB2-034A52E1D243}.Release|x64.ActiveCfg = Release|x64
		{6DE27AD9-DBD5-4F8F-8AB2-034A52E1D243}.Release|x64.Build.0 = Release|x64
		{6DE27AD9-DBD5-4F8F-8AB2-034A52E1D243}.Release|x64.Deploy.0 = Release|x64
		{6DE27AD9-DBD5-4F8F-8AB2-034A52E1D243}.Release|x86.ActiveCfg = Release|x86
		{6DE27AD9-DBD5-4F8F-8AB2-034A52E1D243}.Release|x86.Build.0 = Release|x86
		{6DE27AD9-DBD5-4F8F-8AB2-034A52E1D243}.Release|x86.Deploy.0 = Release|x86
		{416A0002-CA47-4752-96BA-B5754306A446}.Ad-Hoc|Any CPU.ActiveCfg = Debug|Any CPU
		{416A0002-CA47-4752-96BA-B5754306A446}.Ad-Hoc|Any CPU.Build.0 = Debug|Any CPU
		{416A0002-CA47-4752-96BA-B5754306A446}.Ad-Hoc|Any CPU.Deploy.0 = Debug|Any CPU
		{416A0002-CA47-4752-96BA-B5754306A446}.Ad-Hoc|ARM.ActiveCfg = Debug|Any CPU
		{416A0002-CA47-4752-96BA-B5754306A446}.Ad-Hoc|ARM.Build.0 = Debug|Any CPU
		{416A0002-CA47-4752-96BA-B5754306A446}.Ad-Hoc|ARM.Deploy.0 = Debug|Any CPU
		{416A0002-CA47-4752-96BA-B5754306A446}.Ad-Hoc|iPhone.ActiveCfg = Debug|Any CPU
		{416A0002-CA47-4752-96BA-B5754306A446}.Ad-Hoc|iPhone.Build.0 = Debug|Any CPU
		{416A0002-CA47-4752-96BA-B5754306A446}.Ad-Hoc|iPhone.Deploy.0 = Debug|Any CPU
		{416A0002-CA47-4752-96BA-B5754306A446}.Ad-Hoc|iPhoneSimulator.ActiveCfg = Debug|Any CPU
		{416A0002-CA47-4752-96BA-B5754306A446}.Ad-Hoc|iPhoneSimulator.Build.0 = Debug|Any CPU
		{416A0002-CA47-4752-96BA-B5754306A446}.Ad-Hoc|iPhoneSimulator.Deploy.0 = Debug|Any CPU
		{416A0002-CA47-4752-96BA-B5754306A446}.Ad-Hoc|x64.ActiveCfg = Debug|Any CPU
		{416A0002-CA47-4752-96BA-B5754306A446}.Ad-Hoc|x64.Build.0 = Debug|Any CPU
		{416A0002-CA47-4752-96BA-B5754306A446}.Ad-Hoc|x64.Deploy.0 = Debug|Any CPU
		{416A0002-CA47-4752-96BA-B5754306A446}.Ad-Hoc|x86.ActiveCfg = Debug|Any CPU
		{416A0002-CA47-4752-96BA-B5754306A446}.Ad-Hoc|x86.Build.0 = Debug|Any CPU
		{416A0002-CA47-4752-96BA-B5754306A446}.Ad-Hoc|x86.Deploy.0 = Debug|Any CPU
		{416A0002-CA47-4752-96BA-B5754306A446}.AppStore|Any CPU.ActiveCfg = Debug|Any CPU
		{416A0002-CA47-4752-96BA-B5754306A446}.AppStore|Any CPU.Build.0 = Debug|Any CPU
		{416A0002-CA47-4752-96BA-B5754306A446}.AppStore|Any CPU.Deploy.0 = Debug|Any CPU
		{416A0002-CA47-4752-96BA-B5754306A446}.AppStore|ARM.ActiveCfg = Debug|Any CPU
		{416A0002-CA47-4752-96BA-B5754306A446}.AppStore|ARM.Build.0 = Debug|Any CPU
		{416A0002-CA47-4752-96BA-B5754306A446}.AppStore|ARM.Deploy.0 = Debug|Any CPU
		{416A0002-CA47-4752-96BA-B5754306A446}.AppStore|iPhone.ActiveCfg = Debug|Any CPU
		{416A0002-CA47-4752-96BA-B5754306A446}.AppStore|iPhone.Build.0 = Debug|Any CPU
		{416A0002-CA47-4752-96BA-B5754306A446}.AppStore|iPhone.Deploy.0 = Debug|Any CPU
		{416A0002-CA47-4752-96BA-B5754306A446}.AppStore|iPhoneSimulator.ActiveCfg = Debug|Any CPU
		{416A0002-CA47-4752-96BA-B5754306A446}.AppStore|iPhoneSimulator.Build.0 = Debug|Any CPU
		{416A0002-CA47-4752-96BA-B5754306A446}.AppStore|iPhoneSimulator.Deploy.0 = Debug|Any CPU
		{416A0002-CA47-4752-96BA-B5754306A446}.AppStore|x64.ActiveCfg = Debug|Any CPU
		{416A0002-CA47-4752-96BA-B5754306A446}.AppStore|x64.Build.0 = Debug|Any CPU
		{416A0002-CA47-4752-96BA-B5754306A446}.AppStore|x64.Deploy.0 = Debug|Any CPU
		{416A0002-CA47-4752-96BA-B5754306A446}.AppStore|x86.ActiveCfg = Debug|Any CPU
		{416A0002-CA47-4752-96BA-B5754306A446}.AppStore|x86.Build.0 = Debug|Any CPU
		{416A0002-CA47-4752-96BA-B5754306A446}.AppStore|x86.Deploy.0 = Debug|Any CPU
		{416A0002-CA47-4752-96BA-B5754306A446}.Debug|Any CPU.ActiveCfg = Debug|Any CPU
		{416A0002-CA47-4752-96BA-B5754306A446}.Debug|Any CPU.Build.0 = Debug|Any CPU
		{416A0002-CA47-4752-96BA-B5754306A446}.Debug|Any CPU.Deploy.0 = Debug|Any CPU
		{416A0002-CA47-4752-96BA-B5754306A446}.Debug|ARM.ActiveCfg = Debug|Any CPU
		{416A0002-CA47-4752-96BA-B5754306A446}.Debug|ARM.Build.0 = Debug|Any CPU
		{416A0002-CA47-4752-96BA-B5754306A446}.Debug|ARM.Deploy.0 = Debug|Any CPU
		{416A0002-CA47-4752-96BA-B5754306A446}.Debug|iPhone.ActiveCfg = Debug|Any CPU
		{416A0002-CA47-4752-96BA-B5754306A446}.Debug|iPhone.Build.0 = Debug|Any CPU
		{416A0002-CA47-4752-96BA-B5754306A446}.Debug|iPhone.Deploy.0 = Debug|Any CPU
		{416A0002-CA47-4752-96BA-B5754306A446}.Debug|iPhoneSimulator.ActiveCfg = Debug|Any CPU
		{416A0002-CA47-4752-96BA-B5754306A446}.Debug|iPhoneSimulator.Build.0 = Debug|Any CPU
		{416A0002-CA47-4752-96BA-B5754306A446}.Debug|iPhoneSimulator.Deploy.0 = Debug|Any CPU
		{416A0002-CA47-4752-96BA-B5754306A446}.Debug|x64.ActiveCfg = Debug|Any CPU
		{416A0002-CA47-4752-96BA-B5754306A446}.Debug|x64.Build.0 = Debug|Any CPU
		{416A0002-CA47-4752-96BA-B5754306A446}.Debug|x64.Deploy.0 = Debug|Any CPU
		{416A0002-CA47-4752-96BA-B5754306A446}.Debug|x86.ActiveCfg = Debug|Any CPU
		{416A0002-CA47-4752-96BA-B5754306A446}.Debug|x86.Build.0 = Debug|Any CPU
		{416A0002-CA47-4752-96BA-B5754306A446}.Debug|x86.Deploy.0 = Debug|Any CPU
		{416A0002-CA47-4752-96BA-B5754306A446}.Release|Any CPU.ActiveCfg = Release|Any CPU
		{416A0002-CA47-4752-96BA-B5754306A446}.Release|Any CPU.Build.0 = Release|Any CPU
		{416A0002-CA47-4752-96BA-B5754306A446}.Release|Any CPU.Deploy.0 = Release|Any CPU
		{416A0002-CA47-4752-96BA-B5754306A446}.Release|ARM.ActiveCfg = Release|Any CPU
		{416A0002-CA47-4752-96BA-B5754306A446}.Release|ARM.Build.0 = Release|Any CPU
		{416A0002-CA47-4752-96BA-B5754306A446}.Release|ARM.Deploy.0 = Release|Any CPU
		{416A0002-CA47-4752-96BA-B5754306A446}.Release|iPhone.ActiveCfg = Release|Any CPU
		{416A0002-CA47-4752-96BA-B5754306A446}.Release|iPhone.Build.0 = Release|Any CPU
		{416A0002-CA47-4752-96BA-B5754306A446}.Release|iPhone.Deploy.0 = Release|Any CPU
		{416A0002-CA47-4752-96BA-B5754306A446}.Release|iPhoneSimulator.ActiveCfg = Release|Any CPU
		{416A0002-CA47-4752-96BA-B5754306A446}.Release|iPhoneSimulator.Build.0 = Release|Any CPU
		{416A0002-CA47-4752-96BA-B5754306A446}.Release|iPhoneSimulator.Deploy.0 = Release|Any CPU
		{416A0002-CA47-4752-96BA-B5754306A446}.Release|x64.ActiveCfg = Release|Any CPU
		{416A0002-CA47-4752-96BA-B5754306A446}.Release|x64.Build.0 = Release|Any CPU
		{416A0002-CA47-4752-96BA-B5754306A446}.Release|x64.Deploy.0 = Release|Any CPU
		{416A0002-CA47-4752-96BA-B5754306A446}.Release|x86.ActiveCfg = Release|Any CPU
		{416A0002-CA47-4752-96BA-B5754306A446}.Release|x86.Build.0 = Release|Any CPU
		{416A0002-CA47-4752-96BA-B5754306A446}.Release|x86.Deploy.0 = Release|Any CPU
		{20985F25-6649-419C-9961-6506F199CDA1}.Ad-Hoc|Any CPU.ActiveCfg = Release|Any CPU
		{20985F25-6649-419C-9961-6506F199CDA1}.Ad-Hoc|Any CPU.Build.0 = Release|Any CPU
		{20985F25-6649-419C-9961-6506F199CDA1}.Ad-Hoc|ARM.ActiveCfg = Release|Any CPU
		{20985F25-6649-419C-9961-6506F199CDA1}.Ad-Hoc|ARM.Build.0 = Release|Any CPU
		{20985F25-6649-419C-9961-6506F199CDA1}.Ad-Hoc|iPhone.ActiveCfg = Release|Any CPU
		{20985F25-6649-419C-9961-6506F199CDA1}.Ad-Hoc|iPhone.Build.0 = Release|Any CPU
		{20985F25-6649-419C-9961-6506F199CDA1}.Ad-Hoc|iPhoneSimulator.ActiveCfg = Release|Any CPU
		{20985F25-6649-419C-9961-6506F199CDA1}.Ad-Hoc|iPhoneSimulator.Build.0 = Release|Any CPU
		{20985F25-6649-419C-9961-6506F199CDA1}.Ad-Hoc|x64.ActiveCfg = Release|Any CPU
		{20985F25-6649-419C-9961-6506F199CDA1}.Ad-Hoc|x64.Build.0 = Release|Any CPU
		{20985F25-6649-419C-9961-6506F199CDA1}.Ad-Hoc|x86.ActiveCfg = Release|Any CPU
		{20985F25-6649-419C-9961-6506F199CDA1}.Ad-Hoc|x86.Build.0 = Release|Any CPU
		{20985F25-6649-419C-9961-6506F199CDA1}.AppStore|Any CPU.ActiveCfg = Release|Any CPU
		{20985F25-6649-419C-9961-6506F199CDA1}.AppStore|Any CPU.Build.0 = Release|Any CPU
		{20985F25-6649-419C-9961-6506F199CDA1}.AppStore|ARM.ActiveCfg = Release|Any CPU
		{20985F25-6649-419C-9961-6506F199CDA1}.AppStore|ARM.Build.0 = Release|Any CPU
		{20985F25-6649-419C-9961-6506F199CDA1}.AppStore|iPhone.ActiveCfg = Release|Any CPU
		{20985F25-6649-419C-9961-6506F199CDA1}.AppStore|iPhone.Build.0 = Release|Any CPU
		{20985F25-6649-419C-9961-6506F199CDA1}.AppStore|iPhoneSimulator.ActiveCfg = Release|Any CPU
		{20985F25-6649-419C-9961-6506F199CDA1}.AppStore|iPhoneSimulator.Build.0 = Release|Any CPU
		{20985F25-6649-419C-9961-6506F199CDA1}.AppStore|x64.ActiveCfg = Release|Any CPU
		{20985F25-6649-419C-9961-6506F199CDA1}.AppStore|x64.Build.0 = Release|Any CPU
		{20985F25-6649-419C-9961-6506F199CDA1}.AppStore|x86.ActiveCfg = Release|Any CPU
		{20985F25-6649-419C-9961-6506F199CDA1}.AppStore|x86.Build.0 = Release|Any CPU
		{20985F25-6649-419C-9961-6506F199CDA1}.Debug|Any CPU.ActiveCfg = Debug|Any CPU
		{20985F25-6649-419C-9961-6506F199CDA1}.Debug|Any CPU.Build.0 = Debug|Any CPU
		{20985F25-6649-419C-9961-6506F199CDA1}.Debug|ARM.ActiveCfg = Debug|Any CPU
		{20985F25-6649-419C-9961-6506F199CDA1}.Debug|ARM.Build.0 = Debug|Any CPU
		{20985F25-6649-419C-9961-6506F199CDA1}.Debug|iPhone.ActiveCfg = Debug|Any CPU
		{20985F25-6649-419C-9961-6506F199CDA1}.Debug|iPhone.Build.0 = Debug|Any CPU
		{20985F25-6649-419C-9961-6506F199CDA1}.Debug|iPhoneSimulator.ActiveCfg = Debug|Any CPU
		{20985F25-6649-419C-9961-6506F199CDA1}.Debug|iPhoneSimulator.Build.0 = Debug|Any CPU
		{20985F25-6649-419C-9961-6506F199CDA1}.Debug|x64.ActiveCfg = Debug|Any CPU
		{20985F25-6649-419C-9961-6506F199CDA1}.Debug|x64.Build.0 = Debug|Any CPU
		{20985F25-6649-419C-9961-6506F199CDA1}.Debug|x86.ActiveCfg = Debug|Any CPU
		{20985F25-6649-419C-9961-6506F199CDA1}.Debug|x86.Build.0 = Debug|Any CPU
		{20985F25-6649-419C-9961-6506F199CDA1}.Release|Any CPU.ActiveCfg = Release|Any CPU
		{20985F25-6649-419C-9961-6506F199CDA1}.Release|Any CPU.Build.0 = Release|Any CPU
		{20985F25-6649-419C-9961-6506F199CDA1}.Release|ARM.ActiveCfg = Release|Any CPU
		{20985F25-6649-419C-9961-6506F199CDA1}.Release|ARM.Build.0 = Release|Any CPU
		{20985F25-6649-419C-9961-6506F199CDA1}.Release|iPhone.ActiveCfg = Release|Any CPU
		{20985F25-6649-419C-9961-6506F199CDA1}.Release|iPhone.Build.0 = Release|Any CPU
		{20985F25-6649-419C-9961-6506F199CDA1}.Release|iPhoneSimulator.ActiveCfg = Release|Any CPU
		{20985F25-6649-419C-9961-6506F199CDA1}.Release|iPhoneSimulator.Build.0 = Release|Any CPU
		{20985F25-6649-419C-9961-6506F199CDA1}.Release|x64.ActiveCfg = Release|Any CPU
		{20985F25-6649-419C-9961-6506F199CDA1}.Release|x64.Build.0 = Release|Any CPU
		{20985F25-6649-419C-9961-6506F199CDA1}.Release|x86.ActiveCfg = Release|Any CPU
		{20985F25-6649-419C-9961-6506F199CDA1}.Release|x86.Build.0 = Release|Any CPU
		{83E1FA40-649F-4659-A913-6A6D5FF13927}.Ad-Hoc|Any CPU.ActiveCfg = Release|Any CPU
		{83E1FA40-649F-4659-A913-6A6D5FF13927}.Ad-Hoc|Any CPU.Build.0 = Release|Any CPU
		{83E1FA40-649F-4659-A913-6A6D5FF13927}.Ad-Hoc|ARM.ActiveCfg = Release|Any CPU
		{83E1FA40-649F-4659-A913-6A6D5FF13927}.Ad-Hoc|ARM.Build.0 = Release|Any CPU
		{83E1FA40-649F-4659-A913-6A6D5FF13927}.Ad-Hoc|iPhone.ActiveCfg = Release|Any CPU
		{83E1FA40-649F-4659-A913-6A6D5FF13927}.Ad-Hoc|iPhone.Build.0 = Release|Any CPU
		{83E1FA40-649F-4659-A913-6A6D5FF13927}.Ad-Hoc|iPhoneSimulator.ActiveCfg = Release|Any CPU
		{83E1FA40-649F-4659-A913-6A6D5FF13927}.Ad-Hoc|iPhoneSimulator.Build.0 = Release|Any CPU
		{83E1FA40-649F-4659-A913-6A6D5FF13927}.Ad-Hoc|x64.ActiveCfg = Release|Any CPU
		{83E1FA40-649F-4659-A913-6A6D5FF13927}.Ad-Hoc|x64.Build.0 = Release|Any CPU
		{83E1FA40-649F-4659-A913-6A6D5FF13927}.Ad-Hoc|x86.ActiveCfg = Release|Any CPU
		{83E1FA40-649F-4659-A913-6A6D5FF13927}.Ad-Hoc|x86.Build.0 = Release|Any CPU
		{83E1FA40-649F-4659-A913-6A6D5FF13927}.AppStore|Any CPU.ActiveCfg = Release|Any CPU
		{83E1FA40-649F-4659-A913-6A6D5FF13927}.AppStore|Any CPU.Build.0 = Release|Any CPU
		{83E1FA40-649F-4659-A913-6A6D5FF13927}.AppStore|ARM.ActiveCfg = Release|Any CPU
		{83E1FA40-649F-4659-A913-6A6D5FF13927}.AppStore|ARM.Build.0 = Release|Any CPU
		{83E1FA40-649F-4659-A913-6A6D5FF13927}.AppStore|iPhone.ActiveCfg = Release|Any CPU
		{83E1FA40-649F-4659-A913-6A6D5FF13927}.AppStore|iPhone.Build.0 = Release|Any CPU
		{83E1FA40-649F-4659-A913-6A6D5FF13927}.AppStore|iPhoneSimulator.ActiveCfg = Release|Any CPU
		{83E1FA40-649F-4659-A913-6A6D5FF13927}.AppStore|iPhoneSimulator.Build.0 = Release|Any CPU
		{83E1FA40-649F-4659-A913-6A6D5FF13927}.AppStore|x64.ActiveCfg = Release|Any CPU
		{83E1FA40-649F-4659-A913-6A6D5FF13927}.AppStore|x64.Build.0 = Release|Any CPU
		{83E1FA40-649F-4659-A913-6A6D5FF13927}.AppStore|x86.ActiveCfg = Release|Any CPU
		{83E1FA40-649F-4659-A913-6A6D5FF13927}.AppStore|x86.Build.0 = Release|Any CPU
		{83E1FA40-649F-4659-A913-6A6D5FF13927}.Debug|Any CPU.ActiveCfg = Debug|Any CPU
		{83E1FA40-649F-4659-A913-6A6D5FF13927}.Debug|Any CPU.Build.0 = Debug|Any CPU
		{83E1FA40-649F-4659-A913-6A6D5FF13927}.Debug|ARM.ActiveCfg = Debug|Any CPU
		{83E1FA40-649F-4659-A913-6A6D5FF13927}.Debug|ARM.Build.0 = Debug|Any CPU
		{83E1FA40-649F-4659-A913-6A6D5FF13927}.Debug|iPhone.ActiveCfg = Debug|Any CPU
		{83E1FA40-649F-4659-A913-6A6D5FF13927}.Debug|iPhone.Build.0 = Debug|Any CPU
		{83E1FA40-649F-4659-A913-6A6D5FF13927}.Debug|iPhoneSimulator.ActiveCfg = Debug|Any CPU
		{83E1FA40-649F-4659-A913-6A6D5FF13927}.Debug|iPhoneSimulator.Build.0 = Debug|Any CPU
		{83E1FA40-649F-4659-A913-6A6D5FF13927}.Debug|x64.ActiveCfg = Debug|Any CPU
		{83E1FA40-649F-4659-A913-6A6D5FF13927}.Debug|x64.Build.0 = Debug|Any CPU
		{83E1FA40-649F-4659-A913-6A6D5FF13927}.Debug|x86.ActiveCfg = Debug|Any CPU
		{83E1FA40-649F-4659-A913-6A6D5FF13927}.Debug|x86.Build.0 = Debug|Any CPU
		{83E1FA40-649F-4659-A913-6A6D5FF13927}.Release|Any CPU.ActiveCfg = Release|Any CPU
		{83E1FA40-649F-4659-A913-6A6D5FF13927}.Release|Any CPU.Build.0 = Release|Any CPU
		{83E1FA40-649F-4659-A913-6A6D5FF13927}.Release|ARM.ActiveCfg = Release|Any CPU
		{83E1FA40-649F-4659-A913-6A6D5FF13927}.Release|ARM.Build.0 = Release|Any CPU
		{83E1FA40-649F-4659-A913-6A6D5FF13927}.Release|iPhone.ActiveCfg = Release|Any CPU
		{83E1FA40-649F-4659-A913-6A6D5FF13927}.Release|iPhone.Build.0 = Release|Any CPU
		{83E1FA40-649F-4659-A913-6A6D5FF13927}.Release|iPhoneSimulator.ActiveCfg = Release|Any CPU
		{83E1FA40-649F-4659-A913-6A6D5FF13927}.Release|iPhoneSimulator.Build.0 = Release|Any CPU
		{83E1FA40-649F-4659-A913-6A6D5FF13927}.Release|x64.ActiveCfg = Release|Any CPU
		{83E1FA40-649F-4659-A913-6A6D5FF13927}.Release|x64.Build.0 = Release|Any CPU
		{83E1FA40-649F-4659-A913-6A6D5FF13927}.Release|x86.ActiveCfg = Release|Any CPU
		{83E1FA40-649F-4659-A913-6A6D5FF13927}.Release|x86.Build.0 = Release|Any CPU
		{22CDFE6C-16C5-495C-B014-E8E5E36C67CA}.Ad-Hoc|Any CPU.ActiveCfg = Release|Any CPU
		{22CDFE6C-16C5-495C-B014-E8E5E36C67CA}.Ad-Hoc|Any CPU.Build.0 = Release|Any CPU
		{22CDFE6C-16C5-495C-B014-E8E5E36C67CA}.Ad-Hoc|ARM.ActiveCfg = Release|Any CPU
		{22CDFE6C-16C5-495C-B014-E8E5E36C67CA}.Ad-Hoc|ARM.Build.0 = Release|Any CPU
		{22CDFE6C-16C5-495C-B014-E8E5E36C67CA}.Ad-Hoc|iPhone.ActiveCfg = Release|Any CPU
		{22CDFE6C-16C5-495C-B014-E8E5E36C67CA}.Ad-Hoc|iPhone.Build.0 = Release|Any CPU
		{22CDFE6C-16C5-495C-B014-E8E5E36C67CA}.Ad-Hoc|iPhoneSimulator.ActiveCfg = Release|Any CPU
		{22CDFE6C-16C5-495C-B014-E8E5E36C67CA}.Ad-Hoc|iPhoneSimulator.Build.0 = Release|Any CPU
		{22CDFE6C-16C5-495C-B014-E8E5E36C67CA}.Ad-Hoc|x64.ActiveCfg = Release|Any CPU
		{22CDFE6C-16C5-495C-B014-E8E5E36C67CA}.Ad-Hoc|x64.Build.0 = Release|Any CPU
		{22CDFE6C-16C5-495C-B014-E8E5E36C67CA}.Ad-Hoc|x86.ActiveCfg = Release|Any CPU
		{22CDFE6C-16C5-495C-B014-E8E5E36C67CA}.Ad-Hoc|x86.Build.0 = Release|Any CPU
		{22CDFE6C-16C5-495C-B014-E8E5E36C67CA}.AppStore|Any CPU.ActiveCfg = Release|Any CPU
		{22CDFE6C-16C5-495C-B014-E8E5E36C67CA}.AppStore|Any CPU.Build.0 = Release|Any CPU
		{22CDFE6C-16C5-495C-B014-E8E5E36C67CA}.AppStore|ARM.ActiveCfg = Release|Any CPU
		{22CDFE6C-16C5-495C-B014-E8E5E36C67CA}.AppStore|ARM.Build.0 = Release|Any CPU
		{22CDFE6C-16C5-495C-B014-E8E5E36C67CA}.AppStore|iPhone.ActiveCfg = Release|Any CPU
		{22CDFE6C-16C5-495C-B014-E8E5E36C67CA}.AppStore|iPhone.Build.0 = Release|Any CPU
		{22CDFE6C-16C5-495C-B014-E8E5E36C67CA}.AppStore|iPhoneSimulator.ActiveCfg = Release|Any CPU
		{22CDFE6C-16C5-495C-B014-E8E5E36C67CA}.AppStore|iPhoneSimulator.Build.0 = Release|Any CPU
		{22CDFE6C-16C5-495C-B014-E8E5E36C67CA}.AppStore|x64.ActiveCfg = Release|Any CPU
		{22CDFE6C-16C5-495C-B014-E8E5E36C67CA}.AppStore|x64.Build.0 = Release|Any CPU
		{22CDFE6C-16C5-495C-B014-E8E5E36C67CA}.AppStore|x86.ActiveCfg = Release|Any CPU
		{22CDFE6C-16C5-495C-B014-E8E5E36C67CA}.AppStore|x86.Build.0 = Release|Any CPU
		{22CDFE6C-16C5-495C-B014-E8E5E36C67CA}.Debug|Any CPU.ActiveCfg = Debug|Any CPU
		{22CDFE6C-16C5-495C-B014-E8E5E36C67CA}.Debug|Any CPU.Build.0 = Debug|Any CPU
		{22CDFE6C-16C5-495C-B014-E8E5E36C67CA}.Debug|ARM.ActiveCfg = Debug|Any CPU
		{22CDFE6C-16C5-495C-B014-E8E5E36C67CA}.Debug|ARM.Build.0 = Debug|Any CPU
		{22CDFE6C-16C5-495C-B014-E8E5E36C67CA}.Debug|iPhone.ActiveCfg = Debug|Any CPU
		{22CDFE6C-16C5-495C-B014-E8E5E36C67CA}.Debug|iPhone.Build.0 = Debug|Any CPU
		{22CDFE6C-16C5-495C-B014-E8E5E36C67CA}.Debug|iPhoneSimulator.ActiveCfg = Debug|Any CPU
		{22CDFE6C-16C5-495C-B014-E8E5E36C67CA}.Debug|iPhoneSimulator.Build.0 = Debug|Any CPU
		{22CDFE6C-16C5-495C-B014-E8E5E36C67CA}.Debug|x64.ActiveCfg = Debug|Any CPU
		{22CDFE6C-16C5-495C-B014-E8E5E36C67CA}.Debug|x64.Build.0 = Debug|Any CPU
		{22CDFE6C-16C5-495C-B014-E8E5E36C67CA}.Debug|x86.ActiveCfg = Debug|Any CPU
		{22CDFE6C-16C5-495C-B014-E8E5E36C67CA}.Debug|x86.Build.0 = Debug|Any CPU
		{22CDFE6C-16C5-495C-B014-E8E5E36C67CA}.Release|Any CPU.ActiveCfg = Release|Any CPU
		{22CDFE6C-16C5-495C-B014-E8E5E36C67CA}.Release|Any CPU.Build.0 = Release|Any CPU
		{22CDFE6C-16C5-495C-B014-E8E5E36C67CA}.Release|ARM.ActiveCfg = Release|Any CPU
		{22CDFE6C-16C5-495C-B014-E8E5E36C67CA}.Release|ARM.Build.0 = Release|Any CPU
		{22CDFE6C-16C5-495C-B014-E8E5E36C67CA}.Release|iPhone.ActiveCfg = Release|Any CPU
		{22CDFE6C-16C5-495C-B014-E8E5E36C67CA}.Release|iPhone.Build.0 = Release|Any CPU
		{22CDFE6C-16C5-495C-B014-E8E5E36C67CA}.Release|iPhoneSimulator.ActiveCfg = Release|Any CPU
		{22CDFE6C-16C5-495C-B014-E8E5E36C67CA}.Release|iPhoneSimulator.Build.0 = Release|Any CPU
		{22CDFE6C-16C5-495C-B014-E8E5E36C67CA}.Release|x64.ActiveCfg = Release|Any CPU
		{22CDFE6C-16C5-495C-B014-E8E5E36C67CA}.Release|x64.Build.0 = Release|Any CPU
		{22CDFE6C-16C5-495C-B014-E8E5E36C67CA}.Release|x86.ActiveCfg = Release|Any CPU
		{22CDFE6C-16C5-495C-B014-E8E5E36C67CA}.Release|x86.Build.0 = Release|Any CPU
		{2714F6ED-0634-459C-8842-BA56218B0617}.Ad-Hoc|Any CPU.ActiveCfg = Release|Any CPU
		{2714F6ED-0634-459C-8842-BA56218B0617}.Ad-Hoc|Any CPU.Build.0 = Release|Any CPU
		{2714F6ED-0634-459C-8842-BA56218B0617}.Ad-Hoc|ARM.ActiveCfg = Release|Any CPU
		{2714F6ED-0634-459C-8842-BA56218B0617}.Ad-Hoc|ARM.Build.0 = Release|Any CPU
		{2714F6ED-0634-459C-8842-BA56218B0617}.Ad-Hoc|iPhone.ActiveCfg = Release|Any CPU
		{2714F6ED-0634-459C-8842-BA56218B0617}.Ad-Hoc|iPhone.Build.0 = Release|Any CPU
		{2714F6ED-0634-459C-8842-BA56218B0617}.Ad-Hoc|iPhoneSimulator.ActiveCfg = Release|Any CPU
		{2714F6ED-0634-459C-8842-BA56218B0617}.Ad-Hoc|iPhoneSimulator.Build.0 = Release|Any CPU
		{2714F6ED-0634-459C-8842-BA56218B0617}.Ad-Hoc|x64.ActiveCfg = Release|Any CPU
		{2714F6ED-0634-459C-8842-BA56218B0617}.Ad-Hoc|x64.Build.0 = Release|Any CPU
		{2714F6ED-0634-459C-8842-BA56218B0617}.Ad-Hoc|x86.ActiveCfg = Release|Any CPU
		{2714F6ED-0634-459C-8842-BA56218B0617}.Ad-Hoc|x86.Build.0 = Release|Any CPU
		{2714F6ED-0634-459C-8842-BA56218B0617}.AppStore|Any CPU.ActiveCfg = Release|Any CPU
		{2714F6ED-0634-459C-8842-BA56218B0617}.AppStore|Any CPU.Build.0 = Release|Any CPU
		{2714F6ED-0634-459C-8842-BA56218B0617}.AppStore|ARM.ActiveCfg = Release|Any CPU
		{2714F6ED-0634-459C-8842-BA56218B0617}.AppStore|ARM.Build.0 = Release|Any CPU
		{2714F6ED-0634-459C-8842-BA56218B0617}.AppStore|iPhone.ActiveCfg = Release|Any CPU
		{2714F6ED-0634-459C-8842-BA56218B0617}.AppStore|iPhone.Build.0 = Release|Any CPU
		{2714F6ED-0634-459C-8842-BA56218B0617}.AppStore|iPhoneSimulator.ActiveCfg = Release|Any CPU
		{2714F6ED-0634-459C-8842-BA56218B0617}.AppStore|iPhoneSimulator.Build.0 = Release|Any CPU
		{2714F6ED-0634-459C-8842-BA56218B0617}.AppStore|x64.ActiveCfg = Release|Any CPU
		{2714F6ED-0634-459C-8842-BA56218B0617}.AppStore|x64.Build.0 = Release|Any CPU
		{2714F6ED-0634-459C-8842-BA56218B0617}.AppStore|x86.ActiveCfg = Release|Any CPU
		{2714F6ED-0634-459C-8842-BA56218B0617}.AppStore|x86.Build.0 = Release|Any CPU
		{2714F6ED-0634-459C-8842-BA56218B0617}.Debug|Any CPU.ActiveCfg = Debug|Any CPU
		{2714F6ED-0634-459C-8842-BA56218B0617}.Debug|Any CPU.Build.0 = Debug|Any CPU
		{2714F6ED-0634-459C-8842-BA56218B0617}.Debug|ARM.ActiveCfg = Debug|Any CPU
		{2714F6ED-0634-459C-8842-BA56218B0617}.Debug|ARM.Build.0 = Debug|Any CPU
		{2714F6ED-0634-459C-8842-BA56218B0617}.Debug|iPhone.ActiveCfg = Debug|Any CPU
		{2714F6ED-0634-459C-8842-BA56218B0617}.Debug|iPhone.Build.0 = Debug|Any CPU
		{2714F6ED-0634-459C-8842-BA56218B0617}.Debug|iPhoneSimulator.ActiveCfg = Debug|Any CPU
		{2714F6ED-0634-459C-8842-BA56218B0617}.Debug|iPhoneSimulator.Build.0 = Debug|Any CPU
		{2714F6ED-0634-459C-8842-BA56218B0617}.Debug|x64.ActiveCfg = Debug|Any CPU
		{2714F6ED-0634-459C-8842-BA56218B0617}.Debug|x64.Build.0 = Debug|Any CPU
		{2714F6ED-0634-459C-8842-BA56218B0617}.Debug|x86.ActiveCfg = Debug|Any CPU
		{2714F6ED-0634-459C-8842-BA56218B0617}.Debug|x86.Build.0 = Debug|Any CPU
		{2714F6ED-0634-459C-8842-BA56218B0617}.Release|Any CPU.ActiveCfg = Release|Any CPU
		{2714F6ED-0634-459C-8842-BA56218B0617}.Release|Any CPU.Build.0 = Release|Any CPU
		{2714F6ED-0634-459C-8842-BA56218B0617}.Release|ARM.ActiveCfg = Release|Any CPU
		{2714F6ED-0634-459C-8842-BA56218B0617}.Release|ARM.Build.0 = Release|Any CPU
		{2714F6ED-0634-459C-8842-BA56218B0617}.Release|iPhone.ActiveCfg = Release|Any CPU
		{2714F6ED-0634-459C-8842-BA56218B0617}.Release|iPhone.Build.0 = Release|Any CPU
		{2714F6ED-0634-459C-8842-BA56218B0617}.Release|iPhoneSimulator.ActiveCfg = Release|Any CPU
		{2714F6ED-0634-459C-8842-BA56218B0617}.Release|iPhoneSimulator.Build.0 = Release|Any CPU
		{2714F6ED-0634-459C-8842-BA56218B0617}.Release|x64.ActiveCfg = Release|Any CPU
		{2714F6ED-0634-459C-8842-BA56218B0617}.Release|x64.Build.0 = Release|Any CPU
		{2714F6ED-0634-459C-8842-BA56218B0617}.Release|x86.ActiveCfg = Release|Any CPU
		{2714F6ED-0634-459C-8842-BA56218B0617}.Release|x86.Build.0 = Release|Any CPU
	EndGlobalSection
	GlobalSection(SolutionProperties) = preSolution
		HideSolutionNode = FALSE
	EndGlobalSection
	GlobalSection(ExtensibilityGlobals) = postSolution
		SolutionGuid = {61A642B9-FD4F-4C5A-AA68-F52E119BDB85}
	EndGlobalSection
EndGlobal
